
Microsoft Visual Studio Solution File, Format Version 12.00
# Visual Studio Version 16
VisualStudioVersion = 16.0.31829.152
MinimumVisualStudioVersion = 10.0.40219.1
Project("{9A19103F-16F7-4668-BE54-9A1E7A4F7556}") = "DBTest", "DBTest\DBTest.csproj", "{CD9BA4CC-0392-4D2D-B5D4-5FF505FF8261}"
EndProject
Project("{9A19103F-16F7-4668-BE54-9A1E7A4F7556}") = "Database.Models", "Database.Models\Database.Models.csproj", "{64A7A894-D1DC-48BD-8962-8D06745C8E67}"
EndProject
Project("{9A19103F-16F7-4668-BE54-9A1E7A4F7556}") = "InspectionShare", "InspectionShare\InspectionShare.csproj", "{0038223D-690E-4E0F-B337-5F2D98480125}"
EndProject
Project("{FAE04EC0-301F-11D3-BF4B-00C04F79EFBC}") = "xfPatrolDto", "xfPatrolDto\xfPatrolDto.csproj", "{66F7CB72-D9E1-44CD-A48A-BBA000A07ED6}"
EndProject
Global
	GlobalSection(SolutionConfigurationPlatforms) = preSolution
		Debug|Any CPU = Debug|Any CPU
		Release|Any CPU = Release|Any CPU
	EndGlobalSection
	GlobalSection(ProjectConfigurationPlatforms) = postSolution
		{CD9BA4CC-0392-4D2D-B5D4-5FF505FF8261}.Debug|Any CPU.ActiveCfg = Debug|Any CPU
		{CD9BA4CC-0392-4D2D-B5D4-5FF505FF8261}.Debug|Any CPU.Build.0 = Debug|Any CPU
		{CD9BA4CC-0392-4D2D-B5D4-5FF505FF8261}.Release|Any CPU.ActiveCfg = Release|Any CPU
		{CD9BA4CC-0392-4D2D-B5D4-5FF505FF8261}.Release|Any CPU.Build.0 = Release|Any CPU
		{64A7A894-D1DC-48BD-8962-8D06745C8E67}.Debug|Any CPU.ActiveCfg = Debug|Any CPU
		{64A7A894-D1DC-48BD-8962-8D06745C8E67}.Debug|Any CPU.Build.0 = Debug|Any CPU
		{64A7A894-D1DC-48BD-8962-8D06745C8E67}.Release|Any CPU.ActiveCfg = Release|Any CPU
		{64A7A894-D1DC-48BD-8962-8D06745C8E67}.Release|Any CPU.Build.0 = Release|Any CPU
		{0038223D-690E-4E0F-B337-5F2D98480125}.Debug|Any CPU.ActiveCfg = Debug|Any CPU
		{0038223D-690E-4E0F-B337-5F2D98480125}.Debug|Any CPU.Build.0 = Debug|Any CPU
		{0038223D-690E-4E0F-B337-5F2D98480125}.Release|Any CPU.ActiveCfg = Release|Any CPU
		{0038223D-690E-4E0F-B337-5F2D98480125}.Release|Any CPU.Build.0 = Release|Any CPU
		{66F7CB72-D9E1-44CD-A48A-BBA000A07ED6}.Debug|Any CPU.ActiveCfg = Debug|Any CPU
		{66F7CB72-D9E1-44CD-A48A-BBA000A07ED6}.Debug|Any CPU.Build.0 = Debug|Any CPU
		{66F7CB72-D9E1-44CD-A48A-BBA000A07ED6}.Release|Any CPU.ActiveCfg = Release|Any CPU
		{66F7CB72-D9E1-44CD-A48A-BBA000A07ED6}.Release|Any CPU.Build.0 = Release|Any CPU
	EndGlobalSection
	GlobalSection(SolutionProperties) = preSolution
		HideSolutionNode = FALSE
	EndGlobalSection
	GlobalSection(ExtensibilityGlobals) = postSolution
		SolutionGuid = {332250AF-A4F5-4A80-98C4-38331A0BF827}
	EndGlobalSection
EndGlobal
